
Microsoft Visual Studio Solution File, Format Version 12.00
# Visual Studio Version 17
VisualStudioVersion = 17.10.35122.118
MinimumVisualStudioVersion = 10.0.40219.1
Project("{FAE04EC0-301F-11D3-BF4B-00C04F79EFBC}") = "WpfAppOlenev", "WpfAppOlenev\WpfAppOlenev.csproj", "{F044D716-F244-49AD-92EB-3256E300199A}"
EndProject
Global
	GlobalSection(SolutionConfigurationPlatforms) = preSolution
		Debug|Any CPU = Debug|Any CPU
		Release|Any CPU = Release|Any CPU
	EndGlobalSection
	GlobalSection(ProjectConfigurationPlatforms) = postSolution
		{F044D716-F244-49AD-92EB-3256E300199A}.Debug|Any CPU.ActiveCfg = Debug|Any CPU
		{F044D716-F244-49AD-92EB-3256E300199A}.Debug|Any CPU.Build.0 = Debug|Any CPU
		{F044D716-F244-49AD-92EB-3256E300199A}.Release|Any CPU.ActiveCfg = Release|Any CPU
		{F044D716-F244-49AD-92EB-3256E300199A}.Release|Any CPU.Build.0 = Release|Any CPU
	EndGlobalSection
	GlobalSection(SolutionProperties) = preSolution
		HideSolutionNode = FALSE
	EndGlobalSection
	GlobalSection(ExtensibilityGlobals) = postSolution
		SolutionGuid = {4330C237-395B-4C20-A9F7-317173908E82}
	EndGlobalSection
EndGlobal
